// !$*UTF8*$!
{
	archiveVersion = 1;
	classes = {
	};
	objectVersion = 56;
	objects = {

/* Begin PBXBuildFile section */
		3B1806782AB04E7800C829D6 /* AppDelegate.swift in Sources */ = {isa = PBXBuildFile; fileRef = 3B1806772AB04E7800C829D6 /* AppDelegate.swift */; };
		3B18067A2AB04E7800C829D6 /* SceneDelegate.swift in Sources */ = {isa = PBXBuildFile; fileRef = 3B1806792AB04E7800C829D6 /* SceneDelegate.swift */; };
		3B18067C2AB04E7800C829D6 /* ViewController.swift in Sources */ = {isa = PBXBuildFile; fileRef = 3B18067B2AB04E7800C829D6 /* ViewController.swift */; };
		3B18067F2AB04E7800C829D6 /* Main.storyboard in Resources */ = {isa = PBXBuildFile; fileRef = 3B18067D2AB04E7800C829D6 /* Main.storyboard */; };
		3B1806812AB04E7B00C829D6 /* Assets.xcassets in Resources */ = {isa = PBXBuildFile; fileRef = 3B1806802AB04E7B00C829D6 /* Assets.xcassets */; };
		3B1806842AB04E7B00C829D6 /* LaunchScreen.storyboard in Resources */ = {isa = PBXBuildFile; fileRef = 3B1806822AB04E7B00C829D6 /* LaunchScreen.storyboard */; };
		3B2F976F2AB0638B00A12D78 /* ProfilePageViewController.swift in Sources */ = {isa = PBXBuildFile; fileRef = 3B2F976E2AB0638B00A12D78 /* ProfilePageViewController.swift */; };
		3B2F97B82AB1745C00A12D78 /* Model.xcdatamodeld in Sources */ = {isa = PBXBuildFile; fileRef = 3B2F97B62AB1745C00A12D78 /* Model.xcdatamodeld */; };
		3B2F97BC2AB18FB100A12D78 /* ToDoViewController.swift in Sources */ = {isa = PBXBuildFile; fileRef = 3B2F97BB2AB18FB100A12D78 /* ToDoViewController.swift */; };
		B1CDE8E3B0DECA5D8B4EAE9B /* Pods_instaprofilepage.framework in Frameworks */ = {isa = PBXBuildFile; fileRef = 13D711D9D3023E9E2AD37284 /* Pods_instaprofilepage.framework */; };
/* End PBXBuildFile section */

/* Begin PBXFileReference section */
		13D711D9D3023E9E2AD37284 /* Pods_instaprofilepage.framework */ = {isa = PBXFileReference; explicitFileType = wrapper.framework; includeInIndex = 0; path = Pods_instaprofilepage.framework; sourceTree = BUILT_PRODUCTS_DIR; };
		358A4ECCE1C72F3DEF930A7C /* Pods-instaprofilepage.debug.xcconfig */ = {isa = PBXFileReference; includeInIndex = 1; lastKnownFileType = text.xcconfig; name = "Pods-instaprofilepage.debug.xcconfig"; path = "Target Support Files/Pods-instaprofilepage/Pods-instaprofilepage.debug.xcconfig"; sourceTree = "<group>"; };
		3B1806742AB04E7800C829D6 /* instaprofilepage.app */ = {isa = PBXFileReference; explicitFileType = wrapper.application; includeInIndex = 0; path = instaprofilepage.app; sourceTree = BUILT_PRODUCTS_DIR; };
		3B1806772AB04E7800C829D6 /* AppDelegate.swift */ = {isa = PBXFileReference; lastKnownFileType = sourcecode.swift; path = AppDelegate.swift; sourceTree = "<group>"; };
		3B1806792AB04E7800C829D6 /* SceneDelegate.swift */ = {isa = PBXFileReference; lastKnownFileType = sourcecode.swift; path = SceneDelegate.swift; sourceTree = "<group>"; };
		3B18067B2AB04E7800C829D6 /* ViewController.swift */ = {isa = PBXFileReference; lastKnownFileType = sourcecode.swift; path = ViewController.swift; sourceTree = "<group>"; };
		3B18067E2AB04E7800C829D6 /* Base */ = {isa = PBXFileReference; lastKnownFileType = file.storyboard; name = Base; path = Base.lproj/Main.storyboard; sourceTree = "<group>"; };
		3B1806802AB04E7B00C829D6 /* Assets.xcassets */ = {isa = PBXFileReference; lastKnownFileType = folder.assetcatalog; path = Assets.xcassets; sourceTree = "<group>"; };
		3B1806832AB04E7B00C829D6 /* Base */ = {isa = PBXFileReference; lastKnownFileType = file.storyboard; name = Base; path = Base.lproj/LaunchScreen.storyboard; sourceTree = "<group>"; };
		3B1806852AB04E7B00C829D6 /* Info.plist */ = {isa = PBXFileReference; lastKnownFileType = text.plist.xml; path = Info.plist; sourceTree = "<group>"; };
		3B2F976E2AB0638B00A12D78 /* ProfilePageViewController.swift */ = {isa = PBXFileReference; lastKnownFileType = sourcecode.swift; path = ProfilePageViewController.swift; sourceTree = "<group>"; };
		3B2F97B72AB1745C00A12D78 /* Model.xcdatamodel */ = {isa = PBXFileReference; lastKnownFileType = wrapper.xcdatamodel; path = Model.xcdatamodel; sourceTree = "<group>"; };
		3B2F97BB2AB18FB100A12D78 /* ToDoViewController.swift */ = {isa = PBXFileReference; lastKnownFileType = sourcecode.swift; path = ToDoViewController.swift; sourceTree = "<group>"; };
		7B51F0209040EB34D049F3D0 /* Pods-instaprofilepage.release.xcconfig */ = {isa = PBXFileReference; includeInIndex = 1; lastKnownFileType = text.xcconfig; name = "Pods-instaprofilepage.release.xcconfig"; path = "Target Support Files/Pods-instaprofilepage/Pods-instaprofilepage.release.xcconfig"; sourceTree = "<group>"; };
/* End PBXFileReference section */

/* Begin PBXFrameworksBuildPhase section */
		3B1806712AB04E7800C829D6 /* Frameworks */ = {
			isa = PBXFrameworksBuildPhase;
			buildActionMask = 2147483647;
			files = (
				B1CDE8E3B0DECA5D8B4EAE9B /* Pods_instaprofilepage.framework in Frameworks */,
			);
			runOnlyForDeploymentPostprocessing = 0;
		};
/* End PBXFrameworksBuildPhase section */

/* Begin PBXGroup section */
		32E73906548CF5690B7D4055 /* Frameworks */ = {
			isa = PBXGroup;
			children = (
				13D711D9D3023E9E2AD37284 /* Pods_instaprofilepage.framework */,
			);
			name = Frameworks;
			sourceTree = "<group>";
		};
		3B18066B2AB04E7800C829D6 = {
			isa = PBXGroup;
			children = (
				3B1806762AB04E7800C829D6 /* instaprofilepage */,
				3B1806752AB04E7800C829D6 /* Products */,
				753A101F4BCA6EABB91E19AE /* Pods */,
				32E73906548CF5690B7D4055 /* Frameworks */,
			);
			sourceTree = "<group>";
		};
		3B1806752AB04E7800C829D6 /* Products */ = {
			isa = PBXGroup;
			children = (
				3B1806742AB04E7800C829D6 /* instaprofilepage.app */,
			);
			name = Products;
			sourceTree = "<group>";
		};
		3B1806762AB04E7800C829D6 /* instaprofilepage */ = {
			isa = PBXGroup;
			children = (
				3B1806772AB04E7800C829D6 /* AppDelegate.swift */,
				3B1806792AB04E7800C829D6 /* SceneDelegate.swift */,
				3B18067B2AB04E7800C829D6 /* ViewController.swift */,
				3B2F97BB2AB18FB100A12D78 /* ToDoViewController.swift */,
				3B2F976E2AB0638B00A12D78 /* ProfilePageViewController.swift */,
				3B2F97B62AB1745C00A12D78 /* Model.xcdatamodeld */,
				3B18067D2AB04E7800C829D6 /* Main.storyboard */,
				3B1806802AB04E7B00C829D6 /* Assets.xcassets */,
				3B1806822AB04E7B00C829D6 /* LaunchScreen.storyboard */,
				3B1806852AB04E7B00C829D6 /* Info.plist */,
			);
			path = instaprofilepage;
			sourceTree = "<group>";
		};
		753A101F4BCA6EABB91E19AE /* Pods */ = {
			isa = PBXGroup;
			children = (
				358A4ECCE1C72F3DEF930A7C /* Pods-instaprofilepage.debug.xcconfig */,
				7B51F0209040EB34D049F3D0 /* Pods-instaprofilepage.release.xcconfig */,
			);
			path = Pods;
			sourceTree = "<group>";
		};
/* End PBXGroup section */

/* Begin PBXNativeTarget section */
		3B1806732AB04E7800C829D6 /* instaprofilepage */ = {
			isa = PBXNativeTarget;
			buildConfigurationList = 3B1806882AB04E7B00C829D6 /* Build configuration list for PBXNativeTarget "instaprofilepage" */;
			buildPhases = (
				0223B07FECA7A27CC1CBDBA9 /* [CP] Check Pods Manifest.lock */,
				3B1806702AB04E7800C829D6 /* Sources */,
				3B1806712AB04E7800C829D6 /* Frameworks */,
				3B1806722AB04E7800C829D6 /* Resources */,
				3CA66611667296EBA2F5F053 /* [CP] Embed Pods Frameworks */,
			);
			buildRules = (
			);
			dependencies = (
			);
			name = instaprofilepage;
			productName = instaprofilepage;
			productReference = 3B1806742AB04E7800C829D6 /* instaprofilepage.app */;
			productType = "com.apple.product-type.application";
		};
/* End PBXNativeTarget section */

/* Begin PBXProject section */
		3B18066C2AB04E7800C829D6 /* Project object */ = {
			isa = PBXProject;
			attributes = {
				BuildIndependentTargetsInParallel = 1;
				LastSwiftUpdateCheck = 1430;
				LastUpgradeCheck = 1430;
				TargetAttributes = {
					3B1806732AB04E7800C829D6 = {
						CreatedOnToolsVersion = 14.3.1;
					};
				};
			};
			buildConfigurationList = 3B18066F2AB04E7800C829D6 /* Build configuration list for PBXProject "instaprofilepage" */;
			compatibilityVersion = "Xcode 14.0";
			developmentRegion = en;
			hasScannedForEncodings = 0;
			knownRegions = (
				en,
				Base,
			);
			mainGroup = 3B18066B2AB04E7800C829D6;
			productRefGroup = 3B1806752AB04E7800C829D6 /* Products */;
			projectDirPath = "";
			projectRoot = "";
			targets = (
				3B1806732AB04E7800C829D6 /* instaprofilepage */,
			);
		};
/* End PBXProject section */

/* Begin PBXResourcesBuildPhase section */
		3B1806722AB04E7800C829D6 /* Resources */ = {
			isa = PBXResourcesBuildPhase;
			buildActionMask = 2147483647;
			files = (
				3B1806842AB04E7B00C829D6 /* LaunchScreen.storyboard in Resources */,
				3B1806812AB04E7B00C829D6 /* Assets.xcassets in Resources */,
				3B18067F2AB04E7800C829D6 /* Main.storyboard in Resources */,
			);
			runOnlyForDeploymentPostprocessing = 0;
		};
/* End PBXResourcesBuildPhase section */

/* Begin PBXShellScriptBuildPhase section */
		0223B07FECA7A27CC1CBDBA9 /* [CP] Check Pods Manifest.lock */ = {
			isa = PBXShellScriptBuildPhase;
			buildActionMask = 2147483647;
			files = (
			);
			inputFileListPaths = (
			);
			inputPaths = (
				"${PODS_PODFILE_DIR_PATH}/Podfile.lock",
				"${PODS_ROOT}/Manifest.lock",
			);
			name = "[CP] Check Pods Manifest.lock";
			outputFileListPaths = (
			);
			outputPaths = (
				"$(DERIVED_FILE_DIR)/Pods-instaprofilepage-checkManifestLockResult.txt",
			);
			runOnlyForDeploymentPostprocessing = 0;
			shellPath = /bin/sh;
			shellScript = "diff \"${PODS_PODFILE_DIR_PATH}/Podfile.lock\" \"${PODS_ROOT}/Manifest.lock\" > /dev/null\nif [ $? != 0 ] ; then\n    # print error to STDERR\n    echo \"error: The sandbox is not in sync with the Podfile.lock. Run 'pod install' or update your CocoaPods installation.\" >&2\n    exit 1\nfi\n# This output is used by Xcode 'outputs' to avoid re-running this script phase.\necho \"SUCCESS\" > \"${SCRIPT_OUTPUT_FILE_0}\"\n";
			showEnvVarsInLog = 0;
		};
		3CA66611667296EBA2F5F053 /* [CP] Embed Pods Frameworks */ = {
			isa = PBXShellScriptBuildPhase;
			buildActionMask = 2147483647;
			files = (
			);
			inputFileListPaths = (
				"${PODS_ROOT}/Target Support Files/Pods-instaprofilepage/Pods-instaprofilepage-frameworks-${CONFIGURATION}-input-files.xcfilelist",
			);
			name = "[CP] Embed Pods Frameworks";
			outputFileListPaths = (
				"${PODS_ROOT}/Target Support Files/Pods-instaprofilepage/Pods-instaprofilepage-frameworks-${CONFIGURATION}-output-files.xcfilelist",
			);
			runOnlyForDeploymentPostprocessing = 0;
			shellPath = /bin/sh;
			shellScript = "\"${PODS_ROOT}/Target Support Files/Pods-instaprofilepage/Pods-instaprofilepage-frameworks.sh\"\n";
			showEnvVarsInLog = 0;
		};
/* End PBXShellScriptBuildPhase section */

/* Begin PBXSourcesBuildPhase section */
		3B1806702AB04E7800C829D6 /* Sources */ = {
			isa = PBXSourcesBuildPhase;
			buildActionMask = 2147483647;
			files = (
				3B18067C2AB04E7800C829D6 /* ViewController.swift in Sources */,
				3B1806782AB04E7800C829D6 /* AppDelegate.swift in Sources */,
				3B2F97B82AB1745C00A12D78 /* Model.xcdatamodeld in Sources */,
				3B18067A2AB04E7800C829D6 /* SceneDelegate.swift in Sources */,
				3B2F976F2AB0638B00A12D78 /* ProfilePageViewController.swift in Sources */,
				3B2F97BC2AB18FB100A12D78 /* ToDoViewController.swift in Sources */,
			);
			runOnlyForDeploymentPostprocessing = 0;
		};
/* End PBXSourcesBuildPhase section */

/* Begin PBXVariantGroup section */
		3B18067D2AB04E7800C829D6 /* Main.storyboard */ = {
			isa = PBXVariantGroup;
			children = (
				3B18067E2AB04E7800C829D6 /* Base */,
			);
			name = Main.storyboard;
			sourceTree = "<group>";
		};
		3B1806822AB04E7B00C829D6 /* LaunchScreen.storyboard */ = {
			isa = PBXVariantGroup;
			children = (
				3B1806832AB04E7B00C829D6 /* Base */,
			);
			name = LaunchScreen.storyboard;
			sourceTree = "<group>";
		};
/* End PBXVariantGroup section */

/* Begin XCBuildConfiguration section */
		3B1806862AB04E7B00C829D6 /* Debug */ = {
			isa = XCBuildConfiguration;
			buildSettings = {
				ALWAYS_SEARCH_USER_PATHS = NO;
				CLANG_ANALYZER_NONNULL = YES;
				CLANG_ANALYZER_NUMBER_OBJECT_CONVERSION = YES_AGGRESSIVE;
				CLANG_CXX_LANGUAGE_STANDARD = "gnu++20";
				CLANG_ENABLE_MODULES = YES;
				CLANG_ENABLE_OBJC_ARC = YES;
				CLANG_ENABLE_OBJC_WEAK = YES;
				CLANG_WARN_BLOCK_CAPTURE_AUTORELEASING = YES;
				CLANG_WARN_BOOL_CONVERSION = YES;
				CLANG_WARN_COMMA = YES;
				CLANG_WARN_CONSTANT_CONVERSION = YES;
				CLANG_WARN_DEPRECATED_OBJC_IMPLEMENTATIONS = YES;
				CLANG_WARN_DIRECT_OBJC_ISA_USAGE = YES_ERROR;
				CLANG_WARN_DOCUMENTATION_COMMENTS = YES;
				CLANG_WARN_EMPTY_BODY = YES;
				CLANG_WARN_ENUM_CONVERSION = YES;
				CLANG_WARN_INFINITE_RECURSION = YES;
				CLANG_WARN_INT_CONVERSION = YES;
				CLANG_WARN_NON_LITERAL_NULL_CONVERSION = YES;
				CLANG_WARN_OBJC_IMPLICIT_RETAIN_SELF = YES;
				CLANG_WARN_OBJC_LITERAL_CONVERSION = YES;
				CLANG_WARN_OBJC_ROOT_CLASS = YES_ERROR;
				CLANG_WARN_QUOTED_INCLUDE_IN_FRAMEWORK_HEADER = YES;
				CLANG_WARN_RANGE_LOOP_ANALYSIS = YES;
				CLANG_WARN_STRICT_PROTOTYPES = YES;
				CLANG_WARN_SUSPICIOUS_MOVE = YES;
				CLANG_WARN_UNGUARDED_AVAILABILITY = YES_AGGRESSIVE;
				CLANG_WARN_UNREACHABLE_CODE = YES;
				CLANG_WARN__DUPLICATE_METHOD_MATCH = YES;
				COPY_PHASE_STRIP = NO;
				DEBUG_INFORMATION_FORMAT = dwarf;
				ENABLE_STRICT_OBJC_MSGSEND = YES;
				ENABLE_TESTABILITY = YES;
				GCC_C_LANGUAGE_STANDARD = gnu11;
				GCC_DYNAMIC_NO_PIC = NO;
				GCC_NO_COMMON_BLOCKS = YES;
				GCC_OPTIMIZATION_LEVEL = 0;
				GCC_PREPROCESSOR_DEFINITIONS = (
					"DEBUG=1",
					"$(inherited)",
				);
				GCC_WARN_64_TO_32_BIT_CONVERSION = YES;
				GCC_WARN_ABOUT_RETURN_TYPE = YES_ERROR;
				GCC_WARN_UNDECLARED_SELECTOR = YES;
				GCC_WARN_UNINITIALIZED_AUTOS = YES_AGGRESSIVE;
				GCC_WARN_UNUSED_FUNCTION = YES;
				GCC_WARN_UNUSED_VARIABLE = YES;
				IPHONEOS_DEPLOYMENT_TARGET = 16.4;
				MTL_ENABLE_DEBUG_INFO = INCLUDE_SOURCE;
				MTL_FAST_MATH = YES;
				ONLY_ACTIVE_ARCH = YES;
				SDKROOT = iphoneos;
				SWIFT_ACTIVE_COMPILATION_CONDITIONS = DEBUG;
				SWIFT_OPTIMIZATION_LEVEL = "-Onone";
			};
			name = Debug;
		};
		3B1806872AB04E7B00C829D6 /* Release */ = {
			isa = XCBuildConfiguration;
			buildSettings = {
				ALWAYS_SEARCH_USER_PATHS = NO;
				CLANG_ANALYZER_NONNULL = YES;
				CLANG_ANALYZER_NUMBER_OBJECT_CONVERSION = YES_AGGRESSIVE;
				CLANG_CXX_LANGUAGE_STANDARD = "gnu++20";
				CLANG_ENABLE_MODULES = YES;
				CLANG_ENABLE_OBJC_ARC = YES;
				CLANG_ENABLE_OBJC_WEAK = YES;
				CLANG_WARN_BLOCK_CAPTURE_AUTORELEASING = YES;
				CLANG_WARN_BOOL_CONVERSION = YES;
				CLANG_WARN_COMMA = YES;
				CLANG_WARN_CONSTANT_CONVERSION = YES;
				CLANG_WARN_DEPRECATED_OBJC_IMPLEMENTATIONS = YES;
				CLANG_WARN_DIRECT_OBJC_ISA_USAGE = YES_ERROR;
				CLANG_WARN_DOCUMENTATION_COMMENTS = YES;
				CLANG_WARN_EMPTY_BODY = YES;
				CLANG_WARN_ENUM_CONVERSION = YES;
				CLANG_WARN_INFINITE_RECURSION = YES;
				CLANG_WARN_INT_CONVERSION = YES;
				CLANG_WARN_NON_LITERAL_NULL_CONVERSION = YES;
				CLANG_WARN_OBJC_IMPLICIT_RETAIN_SELF = YES;
				CLANG_WARN_OBJC_LITERAL_CONVERSION = YES;
				CLANG_WARN_OBJC_ROOT_CLASS = YES_ERROR;
				CLANG_WARN_QUOTED_INCLUDE_IN_FRAMEWORK_HEADER = YES;
				CLANG_WARN_RANGE_LOOP_ANALYSIS = YES;
				CLANG_WARN_STRICT_PROTOTYPES = YES;
				CLANG_WARN_SUSPICIOUS_MOVE = YES;
				CLANG_WARN_UNGUARDED_AVAILABILITY = YES_AGGRESSIVE;
				CLANG_WARN_UNREACHABLE_CODE = YES;
				CLANG_WARN__DUPLICATE_METHOD_MATCH = YES;
				COPY_PHASE_STRIP = NO;
				DEBUG_INFORMATION_FORMAT = "dwarf-with-dsym";
				ENABLE_NS_ASSERTIONS = NO;
				ENABLE_STRICT_OBJC_MSGSEND = YES;
				GCC_C_LANGUAGE_STANDARD = gnu11;
				GCC_NO_COMMON_BLOCKS = YES;
				GCC_WARN_64_TO_32_BIT_CONVERSION = YES;
				GCC_WARN_ABOUT_RETURN_TYPE = YES_ERROR;
				GCC_WARN_UNDECLARED_SELECTOR = YES;
				GCC_WARN_UNINITIALIZED_AUTOS = YES_AGGRESSIVE;
				GCC_WARN_UNUSED_FUNCTION = YES;
				GCC_WARN_UNUSED_VARIABLE = YES;
				IPHONEOS_DEPLOYMENT_TARGET = 16.4;
				MTL_ENABLE_DEBUG_INFO = NO;
				MTL_FAST_MATH = YES;
				SDKROOT = iphoneos;
				SWIFT_COMPILATION_MODE = wholemodule;
				SWIFT_OPTIMIZATION_LEVEL = "-O";
				VALIDATE_PRODUCT = YES;
			};
			name = Release;
		};
		3B1806892AB04E7B00C829D6 /* Debug */ = {
			isa = XCBuildConfiguration;
			baseConfigurationReference = 358A4ECCE1C72F3DEF930A7C /* Pods-instaprofilepage.debug.xcconfig */;
			buildSettings = {
				ASSETCATALOG_COMPILER_APPICON_NAME = AppIcon;
				ASSETCATALOG_COMPILER_GLOBAL_ACCENT_COLOR_NAME = AccentColor;
				CODE_SIGN_STYLE = Automatic;
				CURRENT_PROJECT_VERSION = 1;
				GENERATE_INFOPLIST_FILE = YES;
				INFOPLIST_FILE = instaprofilepage/Info.plist;
				INFOPLIST_KEY_UIApplicationSupportsIndirectInputEvents = YES;
				INFOPLIST_KEY_UILaunchStoryboardName = LaunchScreen;
				INFOPLIST_KEY_UIMainStoryboardFile = Main;
				INFOPLIST_KEY_UISupportedInterfaceOrientations_iPad = "UIInterfaceOrientationPortrait UIInterfaceOrientationPortraitUpsideDown UIInterfaceOrientationLandscapeLeft UIInterfaceOrientationLandscapeRight";
				INFOPLIST_KEY_UISupportedInterfaceOrientations_iPhone = "UIInterfaceOrientationPortrait UIInterfaceOrientationLandscapeLeft UIInterfaceOrientationLandscapeRight";
				LD_RUNPATH_SEARCH_PATHS = (
					"$(inherited)",
					"@executable_path/Frameworks",
				);
				MARKETING_VERSION = 1.0;
				PRODUCT_BUNDLE_IDENTIFIER = d.instaprofilepage;
				PRODUCT_NAME = "$(TARGET_NAME)";
				SWIFT_EMIT_LOC_STRINGS = YES;
				SWIFT_VERSION = 5.0;
				TARGETED_DEVICE_FAMILY = "1,2";
			};
			name = Debug;
		};
		3B18068A2AB04E7B00C829D6 /* Release */ = {
			isa = XCBuildConfiguration;
			baseConfigurationReference = 7B51F0209040EB34D049F3D0 /* Pods-instaprofilepage.release.xcconfig */;
			buildSettings = {
				ASSETCATALOG_COMPILER_APPICON_NAME = AppIcon;
				ASSETCATALOG_COMPILER_GLOBAL_ACCENT_COLOR_NAME = AccentColor;
				CODE_SIGN_STYLE = Automatic;
				CURRENT_PROJECT_VERSION = 1;
				GENERATE_INFOPLIST_FILE = YES;
				INFOPLIST_FILE = instaprofilepage/Info.plist;
				INFOPLIST_KEY_UIApplicationSupportsIndirectInputEvents = YES;
				INFOPLIST_KEY_UILaunchStoryboardName = LaunchScreen;
				INFOPLIST_KEY_UIMainStoryboardFile = Main;
				INFOPLIST_KEY_UISupportedInterfaceOrientations_iPad = "UIInterfaceOrientationPortrait UIInterfaceOrientationPortraitUpsideDown UIInterfaceOrientationLandscapeLeft UIInterfaceOrientationLandscapeRight";
				INFOPLIST_KEY_UISupportedInterfaceOrientations_iPhone = "UIInterfaceOrientationPortrait UIInterfaceOrientationLandscapeLeft UIInterfaceOrientationLandscapeRight";
				LD_RUNPATH_SEARCH_PATHS = (
					"$(inherited)",
					"@executable_path/Frameworks",
				);
				MARKETING_VERSION = 1.0;
				PRODUCT_BUNDLE_IDENTIFIER = d.instaprofilepage;
				PRODUCT_NAME = "$(TARGET_NAME)";
				SWIFT_EMIT_LOC_STRINGS = YES;
				SWIFT_VERSION = 5.0;
				TARGETED_DEVICE_FAMILY = "1,2";
			};
			name = Release;
		};
/* End XCBuildConfiguration section */

/* Begin XCConfigurationList section */
		3B18066F2AB04E7800C829D6 /* Build configuration list for PBXProject "instaprofilepage" */ = {
			isa = XCConfigurationList;
			buildConfigurations = (
				3B1806862AB04E7B00C829D6 /* Debug */,
				3B1806872AB04E7B00C829D6 /* Release */,
			);
			defaultConfigurationIsVisible = 0;
			defaultConfigurationName = Release;
		};
		3B1806882AB04E7B00C829D6 /* Build configuration list for PBXNativeTarget "instaprofilepage" */ = {
			isa = XCConfigurationList;
			buildConfigurations = (
				3B1806892AB04E7B00C829D6 /* Debug */,
				3B18068A2AB04E7B00C829D6 /* Release */,
			);
			defaultConfigurationIsVisible = 0;
			defaultConfigurationName = Release;
		};
/* End XCConfigurationList section */

/* Begin XCVersionGroup section */
		3B2F97B62AB1745C00A12D78 /* Model.xcdatamodeld */ = {
			isa = XCVersionGroup;
			children = (
				3B2F97B72AB1745C00A12D78 /* Model.xcdatamodel */,
			);
			currentVersion = 3B2F97B72AB1745C00A12D78 /* Model.xcdatamodel */;
			name = Model.xcdatamodeld;
			path = ../Model.xcdatamodeld;
			sourceTree = "<group>";
			usesTabs = 0;
			versionGroupType = wrapper.xcdatamodel;
		};
/* End XCVersionGroup section */
	};
	rootObject = 3B18066C2AB04E7800C829D6 /* Project object */;
}
